# This file is autogenerated, do not edit; changes may be undone by the next 'dep ensure'.


[[projects]]
  branch = "master"
  name = "github.com/grokify/html-strip-tags-go"
  packages = ["."]
  revision = "2e24dd3c29e5fe86a6ac41c713f2e2840b3062e6"

[[projects]]
  branch = "master"
  name = "github.com/segmentio/go-camelcase"
  packages = ["."]
  revision = "7085f1e3c734f696a4cd28568c33abae3100126f"

[[projects]]
  name = "github.com/segmentio/go-snakecase"
  packages = ["."]
  revision = "3ecf343f213326f182b8477c337a2be66c9205b0"
  version = "v1.0.0"

[solve-meta]
  analyzer-name = "dep"
  analyzer-version = 1
  inputs-digest = "8935e4bf7859c734b073fd130433e107811a24c6b1b53f1918d6dc55c3aee47d"
  solver-name = "gps-cdcl"
  solver-version = 1
